// !$*UTF8*$!
{
	archiveVersion = 1;
	classes = {
	};
	objectVersion = 46;
	objects = {

/* Begin PBXBuildFile section */
		6F0D9E8F18240B45006B7588 /* nonamegame.atlasc in Resources */ = {isa = PBXBuildFile; fileRef = 6F0D9E8D18240B45006B7588 /* nonamegame.atlasc */; };
		6F4A6A7D1822C49F00E9CAE3 /* Foundation.framework in Frameworks */ = {isa = PBXBuildFile; fileRef = 6F4A6A7C1822C49F00E9CAE3 /* Foundation.framework */; };
		6F4A6A7F1822C4A000E9CAE3 /* CoreGraphics.framework in Frameworks */ = {isa = PBXBuildFile; fileRef = 6F4A6A7E1822C4A000E9CAE3 /* CoreGraphics.framework */; };
		6F4A6A811822C4A000E9CAE3 /* UIKit.framework in Frameworks */ = {isa = PBXBuildFile; fileRef = 6F4A6A801822C4A000E9CAE3 /* UIKit.framework */; };
		6F4A6A831822C4A000E9CAE3 /* SpriteKit.framework in Frameworks */ = {isa = PBXBuildFile; fileRef = 6F4A6A821822C4A000E9CAE3 /* SpriteKit.framework */; };
		6F4A6A891822C4A000E9CAE3 /* InfoPlist.strings in Resources */ = {isa = PBXBuildFile; fileRef = 6F4A6A871822C4A000E9CAE3 /* InfoPlist.strings */; };
		6F4A6A8B1822C4A000E9CAE3 /* main.m in Sources */ = {isa = PBXBuildFile; fileRef = 6F4A6A8A1822C4A000E9CAE3 /* main.m */; };
		6F4A6A8F1822C4A000E9CAE3 /* AppDelegate.m in Sources */ = {isa = PBXBuildFile; fileRef = 6F4A6A8E1822C4A000E9CAE3 /* AppDelegate.m */; };
		6F4A6A921822C4A000E9CAE3 /* Main.storyboard in Resources */ = {isa = PBXBuildFile; fileRef = 6F4A6A901822C4A000E9CAE3 /* Main.storyboard */; };
		6F4A6A951822C4A000E9CAE3 /* ViewController.m in Sources */ = {isa = PBXBuildFile; fileRef = 6F4A6A941822C4A000E9CAE3 /* ViewController.m */; };
		6F4A6A981822C4A000E9CAE3 /* MyScene.m in Sources */ = {isa = PBXBuildFile; fileRef = 6F4A6A971822C4A000E9CAE3 /* MyScene.m */; };
		6F4A6A9C1822C4A000E9CAE3 /* Images.xcassets in Resources */ = {isa = PBXBuildFile; fileRef = 6F4A6A9B1822C4A000E9CAE3 /* Images.xcassets */; };
		6F4A6AA31822C4A000E9CAE3 /* XCTest.framework in Frameworks */ = {isa = PBXBuildFile; fileRef = 6F4A6AA21822C4A000E9CAE3 /* XCTest.framework */; };
		6F4A6AA41822C4A000E9CAE3 /* Foundation.framework in Frameworks */ = {isa = PBXBuildFile; fileRef = 6F4A6A7C1822C49F00E9CAE3 /* Foundation.framework */; };
		6F4A6AA51822C4A000E9CAE3 /* UIKit.framework in Frameworks */ = {isa = PBXBuildFile; fileRef = 6F4A6A801822C4A000E9CAE3 /* UIKit.framework */; };
		6F4A6AAD1822C4A000E9CAE3 /* InfoPlist.strings in Resources */ = {isa = PBXBuildFile; fileRef = 6F4A6AAB1822C4A000E9CAE3 /* InfoPlist.strings */; };
		6F4A6AAF1822C4A000E9CAE3 /* GameWithNoNameTests.m in Sources */ = {isa = PBXBuildFile; fileRef = 6F4A6AAE1822C4A000E9CAE3 /* GameWithNoNameTests.m */; };
		6F529F90182843E100958F47 /* Geometry.m in Sources */ = {isa = PBXBuildFile; fileRef = 6F529F8F182843E100958F47 /* Geometry.m */; };
/* End PBXBuildFile section */

/* Begin PBXContainerItemProxy section */
		6F4A6AA61822C4A000E9CAE3 /* PBXContainerItemProxy */ = {
			isa = PBXContainerItemProxy;
			containerPortal = 6F4A6A711822C49F00E9CAE3 /* Project object */;
			proxyType = 1;
			remoteGlobalIDString = 6F4A6A781822C49F00E9CAE3;
			remoteInfo = GameWithNoName;
		};
/* End PBXContainerItemProxy section */

/* Begin PBXFileReference section */
		6F0D9E8D18240B45006B7588 /* nonamegame.atlasc */ = {isa = PBXFileReference; lastKnownFileType = folder; name = nonamegame.atlasc; path = spritekitimages/nonamegame.atlasc; sourceTree = "<group>"; };
		6F0D9E8E18240B45006B7588 /* nonamegame.h */ = {isa = PBXFileReference; fileEncoding = 4; lastKnownFileType = sourcecode.c.h; name = nonamegame.h; path = spritekitimages/nonamegame.h; sourceTree = "<group>"; };
		6F4A6A791822C49F00E9CAE3 /* GameWithNoName.app */ = {isa = PBXFileReference; explicitFileType = wrapper.application; includeInIndex = 0; path = GameWithNoName.app; sourceTree = BUILT_PRODUCTS_DIR; };
		6F4A6A7C1822C49F00E9CAE3 /* Foundation.framework */ = {isa = PBXFileReference; lastKnownFileType = wrapper.framework; name = Foundation.framework; path = System/Library/Frameworks/Foundation.framework; sourceTree = SDKROOT; };
		6F4A6A7E1822C4A000E9CAE3 /* CoreGraphics.framework */ = {isa = PBXFileReference; lastKnownFileType = wrapper.framework; name = CoreGraphics.framework; path = System/Library/Frameworks/CoreGraphics.framework; sourceTree = SDKROOT; };
		6F4A6A801822C4A000E9CAE3 /* UIKit.framework */ = {isa = PBXFileReference; lastKnownFileType = wrapper.framework; name = UIKit.framework; path = System/Library/Frameworks/UIKit.framework; sourceTree = SDKROOT; };
		6F4A6A821822C4A000E9CAE3 /* SpriteKit.framework */ = {isa = PBXFileReference; lastKnownFileType = wrapper.framework; name = SpriteKit.framework; path = System/Library/Frameworks/SpriteKit.framework; sourceTree = SDKROOT; };
		6F4A6A861822C4A000E9CAE3 /* GameWithNoName-Info.plist */ = {isa = PBXFileReference; lastKnownFileType = text.plist.xml; path = "GameWithNoName-Info.plist"; sourceTree = "<group>"; };
		6F4A6A881822C4A000E9CAE3 /* en */ = {isa = PBXFileReference; lastKnownFileType = text.plist.strings; name = en; path = en.lproj/InfoPlist.strings; sourceTree = "<group>"; };
		6F4A6A8A1822C4A000E9CAE3 /* main.m */ = {isa = PBXFileReference; lastKnownFileType = sourcecode.c.objc; path = main.m; sourceTree = "<group>"; };
		6F4A6A8C1822C4A000E9CAE3 /* GameWithNoName-Prefix.pch */ = {isa = PBXFileReference; lastKnownFileType = sourcecode.c.h; path = "GameWithNoName-Prefix.pch"; sourceTree = "<group>"; };
		6F4A6A8D1822C4A000E9CAE3 /* AppDelegate.h */ = {isa = PBXFileReference; lastKnownFileType = sourcecode.c.h; path = AppDelegate.h; sourceTree = "<group>"; };
		6F4A6A8E1822C4A000E9CAE3 /* AppDelegate.m */ = {isa = PBXFileReference; lastKnownFileType = sourcecode.c.objc; path = AppDelegate.m; sourceTree = "<group>"; };
		6F4A6A911822C4A000E9CAE3 /* Base */ = {isa = PBXFileReference; lastKnownFileType = file.storyboard; name = Base; path = Base.lproj/Main.storyboard; sourceTree = "<group>"; };
		6F4A6A931822C4A000E9CAE3 /* ViewController.h */ = {isa = PBXFileReference; lastKnownFileType = sourcecode.c.h; path = ViewController.h; sourceTree = "<group>"; };
		6F4A6A941822C4A000E9CAE3 /* ViewController.m */ = {isa = PBXFileReference; lastKnownFileType = sourcecode.c.objc; path = ViewController.m; sourceTree = "<group>"; };
		6F4A6A961822C4A000E9CAE3 /* MyScene.h */ = {isa = PBXFileReference; lastKnownFileType = sourcecode.c.h; path = MyScene.h; sourceTree = "<group>"; };
		6F4A6A971822C4A000E9CAE3 /* MyScene.m */ = {isa = PBXFileReference; lastKnownFileType = sourcecode.c.objc; path = MyScene.m; sourceTree = "<group>"; };
		6F4A6A9B1822C4A000E9CAE3 /* Images.xcassets */ = {isa = PBXFileReference; lastKnownFileType = folder.assetcatalog; path = Images.xcassets; sourceTree = "<group>"; };
		6F4A6AA11822C4A000E9CAE3 /* GameWithNoNameTests.xctest */ = {isa = PBXFileReference; explicitFileType = wrapper.cfbundle; includeInIndex = 0; path = GameWithNoNameTests.xctest; sourceTree = BUILT_PRODUCTS_DIR; };
		6F4A6AA21822C4A000E9CAE3 /* XCTest.framework */ = {isa = PBXFileReference; lastKnownFileType = wrapper.framework; name = XCTest.framework; path = Library/Frameworks/XCTest.framework; sourceTree = DEVELOPER_DIR; };
		6F4A6AAA1822C4A000E9CAE3 /* GameWithNoNameTests-Info.plist */ = {isa = PBXFileReference; lastKnownFileType = text.plist.xml; path = "GameWithNoNameTests-Info.plist"; sourceTree = "<group>"; };
		6F4A6AAC1822C4A000E9CAE3 /* en */ = {isa = PBXFileReference; lastKnownFileType = text.plist.strings; name = en; path = en.lproj/InfoPlist.strings; sourceTree = "<group>"; };
		6F4A6AAE1822C4A000E9CAE3 /* GameWithNoNameTests.m */ = {isa = PBXFileReference; lastKnownFileType = sourcecode.c.objc; path = GameWithNoNameTests.m; sourceTree = "<group>"; };
		6F529F8E182843E100958F47 /* Geometry.h */ = {isa = PBXFileReference; fileEncoding = 4; lastKnownFileType = sourcecode.c.h; path = Geometry.h; sourceTree = "<group>"; };
		6F529F8F182843E100958F47 /* Geometry.m */ = {isa = PBXFileReference; fileEncoding = 4; lastKnownFileType = sourcecode.c.objc; path = Geometry.m; sourceTree = "<group>"; };
/* End PBXFileReference section */

/* Begin PBXFrameworksBuildPhase section */
		6F4A6A761822C49F00E9CAE3 /* Frameworks */ = {
			isa = PBXFrameworksBuildPhase;
			buildActionMask = 2147483647;
			files = (
				6F4A6A7F1822C4A000E9CAE3 /* CoreGraphics.framework in Frameworks */,
				6F4A6A811822C4A000E9CAE3 /* UIKit.framework in Frameworks */,
				6F4A6A831822C4A000E9CAE3 /* SpriteKit.framework in Frameworks */,
				6F4A6A7D1822C49F00E9CAE3 /* Foundation.framework in Frameworks */,
			);
			runOnlyForDeploymentPostprocessing = 0;
		};
		6F4A6A9E1822C4A000E9CAE3 /* Frameworks */ = {
			isa = PBXFrameworksBuildPhase;
			buildActionMask = 2147483647;
			files = (
				6F4A6AA31822C4A000E9CAE3 /* XCTest.framework in Frameworks */,
				6F4A6AA51822C4A000E9CAE3 /* UIKit.framework in Frameworks */,
				6F4A6AA41822C4A000E9CAE3 /* Foundation.framework in Frameworks */,
			);
			runOnlyForDeploymentPostprocessing = 0;
		};
/* End PBXFrameworksBuildPhase section */

/* Begin PBXGroup section */
		6F4A6A701822C49F00E9CAE3 = {
			isa = PBXGroup;
			children = (
				6F4A6A841822C4A000E9CAE3 /* GameWithNoName */,
				6F4A6AA81822C4A000E9CAE3 /* GameWithNoNameTests */,
				6F4A6A7B1822C49F00E9CAE3 /* Frameworks */,
				6F4A6A7A1822C49F00E9CAE3 /* Products */,
			);
			sourceTree = "<group>";
		};
		6F4A6A7A1822C49F00E9CAE3 /* Products */ = {
			isa = PBXGroup;
			children = (
				6F4A6A791822C49F00E9CAE3 /* GameWithNoName.app */,
				6F4A6AA11822C4A000E9CAE3 /* GameWithNoNameTests.xctest */,
			);
			name = Products;
			sourceTree = "<group>";
		};
		6F4A6A7B1822C49F00E9CAE3 /* Frameworks */ = {
			isa = PBXGroup;
			children = (
				6F4A6A7C1822C49F00E9CAE3 /* Foundation.framework */,
				6F4A6A7E1822C4A000E9CAE3 /* CoreGraphics.framework */,
				6F4A6A801822C4A000E9CAE3 /* UIKit.framework */,
				6F4A6A821822C4A000E9CAE3 /* SpriteKit.framework */,
				6F4A6AA21822C4A000E9CAE3 /* XCTest.framework */,
			);
			name = Frameworks;
			sourceTree = "<group>";
		};
		6F4A6A841822C4A000E9CAE3 /* GameWithNoName */ = {
			isa = PBXGroup;
			children = (
				6F4A6A8D1822C4A000E9CAE3 /* AppDelegate.h */,
				6F4A6A8E1822C4A000E9CAE3 /* AppDelegate.m */,
				6F4A6A901822C4A000E9CAE3 /* Main.storyboard */,
				6F4A6A931822C4A000E9CAE3 /* ViewController.h */,
				6F4A6A941822C4A000E9CAE3 /* ViewController.m */,
				6F4A6A961822C4A000E9CAE3 /* MyScene.h */,
				6F4A6A971822C4A000E9CAE3 /* MyScene.m */,
				6F4A6A9B1822C4A000E9CAE3 /* Images.xcassets */,
				6F4A6AB81822C8ED00E9CAE3 /* images */,
				6F4A6A851822C4A000E9CAE3 /* Supporting Files */,
				6FAF30421824419A00BA411A /* utils */,
			);
			path = GameWithNoName;
			sourceTree = "<group>";
		};
		6F4A6A851822C4A000E9CAE3 /* Supporting Files */ = {
			isa = PBXGroup;
			children = (
				6F4A6A861822C4A000E9CAE3 /* GameWithNoName-Info.plist */,
				6F4A6A871822C4A000E9CAE3 /* InfoPlist.strings */,
				6F4A6A8A1822C4A000E9CAE3 /* main.m */,
				6F4A6A8C1822C4A000E9CAE3 /* GameWithNoName-Prefix.pch */,
			);
			name = "Supporting Files";
			sourceTree = "<group>";
		};
		6F4A6AA81822C4A000E9CAE3 /* GameWithNoNameTests */ = {
			isa = PBXGroup;
			children = (
				6F4A6AAE1822C4A000E9CAE3 /* GameWithNoNameTests.m */,
				6F4A6AA91822C4A000E9CAE3 /* Supporting Files */,
			);
			path = GameWithNoNameTests;
			sourceTree = "<group>";
		};
		6F4A6AA91822C4A000E9CAE3 /* Supporting Files */ = {
			isa = PBXGroup;
			children = (
				6F4A6AAA1822C4A000E9CAE3 /* GameWithNoNameTests-Info.plist */,
				6F4A6AAB1822C4A000E9CAE3 /* InfoPlist.strings */,
			);
			name = "Supporting Files";
			sourceTree = "<group>";
		};
		6F4A6AB81822C8ED00E9CAE3 /* images */ = {
			isa = PBXGroup;
			children = (
				6F0D9E8D18240B45006B7588 /* nonamegame.atlasc */,
				6F0D9E8E18240B45006B7588 /* nonamegame.h */,
			);
			name = images;
			sourceTree = "<group>";
		};
		6FAF30421824419A00BA411A /* utils */ = {
			isa = PBXGroup;
			children = (
				6F529F8E182843E100958F47 /* Geometry.h */,
				6F529F8F182843E100958F47 /* Geometry.m */,
			);
			name = utils;
			sourceTree = "<group>";
		};
/* End PBXGroup section */

/* Begin PBXNativeTarget section */
		6F4A6A781822C49F00E9CAE3 /* GameWithNoName */ = {
			isa = PBXNativeTarget;
			buildConfigurationList = 6F4A6AB21822C4A000E9CAE3 /* Build configuration list for PBXNativeTarget "GameWithNoName" */;
			buildPhases = (
				6F4A6A751822C49F00E9CAE3 /* Sources */,
				6F4A6A761822C49F00E9CAE3 /* Frameworks */,
				6F4A6A771822C49F00E9CAE3 /* Resources */,
			);
			buildRules = (
			);
			dependencies = (
			);
			name = GameWithNoName;
			productName = GameWithNoName;
			productReference = 6F4A6A791822C49F00E9CAE3 /* GameWithNoName.app */;
			productType = "com.apple.product-type.application";
		};
		6F4A6AA01822C4A000E9CAE3 /* GameWithNoNameTests */ = {
			isa = PBXNativeTarget;
			buildConfigurationList = 6F4A6AB51822C4A000E9CAE3 /* Build configuration list for PBXNativeTarget "GameWithNoNameTests" */;
			buildPhases = (
				6F4A6A9D1822C4A000E9CAE3 /* Sources */,
				6F4A6A9E1822C4A000E9CAE3 /* Frameworks */,
				6F4A6A9F1822C4A000E9CAE3 /* Resources */,
			);
			buildRules = (
			);
			dependencies = (
				6F4A6AA71822C4A000E9CAE3 /* PBXTargetDependency */,
			);
			name = GameWithNoNameTests;
			productName = GameWithNoNameTests;
			productReference = 6F4A6AA11822C4A000E9CAE3 /* GameWithNoNameTests.xctest */;
			productType = "com.apple.product-type.bundle.unit-test";
		};
/* End PBXNativeTarget section */

/* Begin PBXProject section */
		6F4A6A711822C49F00E9CAE3 /* Project object */ = {
			isa = PBXProject;
			attributes = {
				LastUpgradeCheck = 0500;
				ORGANIZATIONNAME = mike.tihonchik;
				TargetAttributes = {
					6F4A6AA01822C4A000E9CAE3 = {
						TestTargetID = 6F4A6A781822C49F00E9CAE3;
					};
				};
			};
			buildConfigurationList = 6F4A6A741822C49F00E9CAE3 /* Build configuration list for PBXProject "GameWithNoName" */;
			compatibilityVersion = "Xcode 3.2";
			developmentRegion = English;
			hasScannedForEncodings = 0;
			knownRegions = (
				en,
				Base,
			);
			mainGroup = 6F4A6A701822C49F00E9CAE3;
			productRefGroup = 6F4A6A7A1822C49F00E9CAE3 /* Products */;
			projectDirPath = "";
			projectRoot = "";
			targets = (
				6F4A6A781822C49F00E9CAE3 /* GameWithNoName */,
				6F4A6AA01822C4A000E9CAE3 /* GameWithNoNameTests */,
			);
		};
/* End PBXProject section */

/* Begin PBXResourcesBuildPhase section */
		6F4A6A771822C49F00E9CAE3 /* Resources */ = {
			isa = PBXResourcesBuildPhase;
			buildActionMask = 2147483647;
			files = (
				6F4A6A891822C4A000E9CAE3 /* InfoPlist.strings in Resources */,
				6F4A6A9C1822C4A000E9CAE3 /* Images.xcassets in Resources */,
				6F4A6A921822C4A000E9CAE3 /* Main.storyboard in Resources */,
				6F0D9E8F18240B45006B7588 /* nonamegame.atlasc in Resources */,
			);
			runOnlyForDeploymentPostprocessing = 0;
		};
		6F4A6A9F1822C4A000E9CAE3 /* Resources */ = {
			isa = PBXResourcesBuildPhase;
			buildActionMask = 2147483647;
			files = (
				6F4A6AAD1822C4A000E9CAE3 /* InfoPlist.strings in Resources */,
			);
			runOnlyForDeploymentPostprocessing = 0;
		};
/* End PBXResourcesBuildPhase section */

/* Begin PBXSourcesBuildPhase section */
		6F4A6A751822C49F00E9CAE3 /* Sources */ = {
			isa = PBXSourcesBuildPhase;
			buildActionMask = 2147483647;
			files = (
				6F529F90182843E100958F47 /* Geometry.m in Sources */,
				6F4A6A981822C4A000E9CAE3 /* MyScene.m in Sources */,
				6F4A6A951822C4A000E9CAE3 /* ViewController.m in Sources */,
				6F4A6A8F1822C4A000E9CAE3 /* AppDelegate.m in Sources */,
				6F4A6A8B1822C4A000E9CAE3 /* main.m in Sources */,
			);
			runOnlyForDeploymentPostprocessing = 0;
		};
		6F4A6A9D1822C4A000E9CAE3 /* Sources */ = {
			isa = PBXSourcesBuildPhase;
			buildActionMask = 2147483647;
			files = (
				6F4A6AAF1822C4A000E9CAE3 /* GameWithNoNameTests.m in Sources */,
			);
			runOnlyForDeploymentPostprocessing = 0;
		};
/* End PBXSourcesBuildPhase section */

/* Begin PBXTargetDependency section */
		6F4A6AA71822C4A000E9CAE3 /* PBXTargetDependency */ = {
			isa = PBXTargetDependency;
			target = 6F4A6A781822C49F00E9CAE3 /* GameWithNoName */;
			targetProxy = 6F4A6AA61822C4A000E9CAE3 /* PBXContainerItemProxy */;
		};
/* End PBXTargetDependency section */

/* Begin PBXVariantGroup section */
		6F4A6A871822C4A000E9CAE3 /* InfoPlist.strings */ = {
			isa = PBXVariantGroup;
			children = (
				6F4A6A881822C4A000E9CAE3 /* en */,
			);
			name = InfoPlist.strings;
			sourceTree = "<group>";
		};
		6F4A6A901822C4A000E9CAE3 /* Main.storyboard */ = {
			isa = PBXVariantGroup;
			children = (
				6F4A6A911822C4A000E9CAE3 /* Base */,
			);
			name = Main.storyboard;
			sourceTree = "<group>";
		};
		6F4A6AAB1822C4A000E9CAE3 /* InfoPlist.strings */ = {
			isa = PBXVariantGroup;
			children = (
				6F4A6AAC1822C4A000E9CAE3 /* en */,
			);
			name = InfoPlist.strings;
			sourceTree = "<group>";
		};
/* End PBXVariantGroup section */

/* Begin XCBuildConfiguration section */
		6F4A6AB01822C4A000E9CAE3 /* Debug */ = {
			isa = XCBuildConfiguration;
			buildSettings = {
				ALWAYS_SEARCH_USER_PATHS = NO;
				ARCHS = "$(ARCHS_STANDARD_INCLUDING_64_BIT)";
				CLANG_CXX_LANGUAGE_STANDARD = "gnu++0x";
				CLANG_CXX_LIBRARY = "libc++";
				CLANG_ENABLE_MODULES = YES;
				CLANG_ENABLE_OBJC_ARC = YES;
				CLANG_WARN_BOOL_CONVERSION = YES;
				CLANG_WARN_CONSTANT_CONVERSION = YES;
				CLANG_WARN_DIRECT_OBJC_ISA_USAGE = YES_ERROR;
				CLANG_WARN_EMPTY_BODY = YES;
				CLANG_WARN_ENUM_CONVERSION = YES;
				CLANG_WARN_INT_CONVERSION = YES;
				CLANG_WARN_OBJC_ROOT_CLASS = YES_ERROR;
				CLANG_WARN__DUPLICATE_METHOD_MATCH = YES;
				"CODE_SIGN_IDENTITY[sdk=iphoneos*]" = "iPhone Developer";
				COPY_PHASE_STRIP = NO;
				GCC_C_LANGUAGE_STANDARD = gnu99;
				GCC_DYNAMIC_NO_PIC = NO;
				GCC_OPTIMIZATION_LEVEL = 0;
				GCC_PREPROCESSOR_DEFINITIONS = (
					"DEBUG=1",
					"$(inherited)",
				);
				GCC_SYMBOLS_PRIVATE_EXTERN = NO;
				GCC_WARN_64_TO_32_BIT_CONVERSION = YES;
				GCC_WARN_ABOUT_RETURN_TYPE = YES_ERROR;
				GCC_WARN_UNDECLARED_SELECTOR = YES;
				GCC_WARN_UNINITIALIZED_AUTOS = YES;
				GCC_WARN_UNUSED_FUNCTION = YES;
				GCC_WARN_UNUSED_VARIABLE = YES;
				IPHONEOS_DEPLOYMENT_TARGET = 7.0;
				ONLY_ACTIVE_ARCH = YES;
				SDKROOT = iphoneos;
			};
			name = Debug;
		};
		6F4A6AB11822C4A000E9CAE3 /* Release */ = {
			isa = XCBuildConfiguration;
			buildSettings = {
				ALWAYS_SEARCH_USER_PATHS = NO;
				ARCHS = "$(ARCHS_STANDARD_INCLUDING_64_BIT)";
				CLANG_CXX_LANGUAGE_STANDARD = "gnu++0x";
				CLANG_CXX_LIBRARY = "libc++";
				CLANG_ENABLE_MODULES = YES;
				CLANG_ENABLE_OBJC_ARC = YES;
				CLANG_WARN_BOOL_CONVERSION = YES;
				CLANG_WARN_CONSTANT_CONVERSION = YES;
				CLANG_WARN_DIRECT_OBJC_ISA_USAGE = YES_ERROR;
				CLANG_WARN_EMPTY_BODY = YES;
				CLANG_WARN_ENUM_CONVERSION = YES;
				CLANG_WARN_INT_CONVERSION = YES;
				CLANG_WARN_OBJC_ROOT_CLASS = YES_ERROR;
				CLANG_WARN__DUPLICATE_METHOD_MATCH = YES;
				"CODE_SIGN_IDENTITY[sdk=iphoneos*]" = "iPhone Developer";
				COPY_PHASE_STRIP = YES;
				ENABLE_NS_ASSERTIONS = NO;
				GCC_C_LANGUAGE_STANDARD = gnu99;
				GCC_WARN_64_TO_32_BIT_CONVERSION = YES;
				GCC_WARN_ABOUT_RETURN_TYPE = YES_ERROR;
				GCC_WARN_UNDECLARED_SELECTOR = YES;
				GCC_WARN_UNINITIALIZED_AUTOS = YES;
				GCC_WARN_UNUSED_FUNCTION = YES;
				GCC_WARN_UNUSED_VARIABLE = YES;
				IPHONEOS_DEPLOYMENT_TARGET = 7.0;
				SDKROOT = iphoneos;
				VALIDATE_PRODUCT = YES;
			};
			name = Release;
		};
		6F4A6AB31822C4A000E9CAE3 /* Debug */ = {
			isa = XCBuildConfiguration;
			buildSettings = {
				ASSETCATALOG_COMPILER_APPICON_NAME = AppIcon;
				ASSETCATALOG_COMPILER_LAUNCHIMAGE_NAME = LaunchImage;
				CODE_SIGN_IDENTITY = "iPhone Developer";
				GCC_PRECOMPILE_PREFIX_HEADER = YES;
				GCC_PREFIX_HEADER = "GameWithNoName/GameWithNoName-Prefix.pch";
				INFOPLIST_FILE = "GameWithNoName/GameWithNoName-Info.plist";
				PRODUCT_NAME = "$(TARGET_NAME)";
				SPRITEKIT_TEXTURE_ATLAS_OUTPUT = YES;
				WRAPPER_EXTENSION = app;
			};
			name = Debug;
		};
		6F4A6AB41822C4A000E9CAE3 /* Release */ = {
			isa = XCBuildConfiguration;
			buildSettings = {
				ASSETCATALOG_COMPILER_APPICON_NAME = AppIcon;
				ASSETCATALOG_COMPILER_LAUNCHIMAGE_NAME = LaunchImage;
				CODE_SIGN_IDENTITY = "iPhone Developer";
				GCC_PRECOMPILE_PREFIX_HEADER = YES;
				GCC_PREFIX_HEADER = "GameWithNoName/GameWithNoName-Prefix.pch";
				INFOPLIST_FILE = "GameWithNoName/GameWithNoName-Info.plist";
				PRODUCT_NAME = "$(TARGET_NAME)";
				SPRITEKIT_TEXTURE_ATLAS_OUTPUT = YES;
				WRAPPER_EXTENSION = app;
			};
			name = Release;
		};
		6F4A6AB61822C4A000E9CAE3 /* Debug */ = {
			isa = XCBuildConfiguration;
			buildSettings = {
				ARCHS = "$(ARCHS_STANDARD_INCLUDING_64_BIT)";
				BUNDLE_LOADER = "$(BUILT_PRODUCTS_DIR)/GameWithNoName.app/GameWithNoName";
				FRAMEWORK_SEARCH_PATHS = (
					"$(SDKROOT)/Developer/Library/Frameworks",
					"$(inherited)",
					"$(DEVELOPER_FRAMEWORKS_DIR)",
				);
				GCC_PRECOMPILE_PREFIX_HEADER = YES;
				GCC_PREFIX_HEADER = "GameWithNoName/GameWithNoName-Prefix.pch";
				GCC_PREPROCESSOR_DEFINITIONS = (
					"DEBUG=1",
					"$(inherited)",
				);
				INFOPLIST_FILE = "GameWithNoNameTests/GameWithNoNameTests-Info.plist";
				PRODUCT_NAME = "$(TARGET_NAME)";
				TEST_HOST = "$(BUNDLE_LOADER)";
				WRAPPER_EXTENSION = xctest;
			};
			name = Debug;
		};
		6F4A6AB71822C4A000E9CAE3 /* Release */ = {
			isa = XCBuildConfiguration;
			buildSettings = {
				ARCHS = "$(ARCHS_STANDARD_INCLUDING_64_BIT)";
				BUNDLE_LOADER = "$(BUILT_PRODUCTS_DIR)/GameWithNoName.app/GameWithNoName";
				FRAMEWORK_SEARCH_PATHS = (
					"$(SDKROOT)/Developer/Library/Frameworks",
					"$(inherited)",
					"$(DEVELOPER_FRAMEWORKS_DIR)",
				);
				GCC_PRECOMPILE_PREFIX_HEADER = YES;
				GCC_PREFIX_HEADER = "GameWithNoName/GameWithNoName-Prefix.pch";
				INFOPLIST_FILE = "GameWithNoNameTests/GameWithNoNameTests-Info.plist";
				PRODUCT_NAME = "$(TARGET_NAME)";
				TEST_HOST = "$(BUNDLE_LOADER)";
				WRAPPER_EXTENSION = xctest;
			};
			name = Release;
		};
/* End XCBuildConfiguration section */

/* Begin XCConfigurationList section */
		6F4A6A741822C49F00E9CAE3 /* Build configuration list for PBXProject "GameWithNoName" */ = {
			isa = XCConfigurationList;
			buildConfigurations = (
				6F4A6AB01822C4A000E9CAE3 /* Debug */,
				6F4A6AB11822C4A000E9CAE3 /* Release */,
			);
			defaultConfigurationIsVisible = 0;
			defaultConfigurationName = Release;
		};
		6F4A6AB21822C4A000E9CAE3 /* Build configuration list for PBXNativeTarget "GameWithNoName" */ = {
			isa = XCConfigurationList;
			buildConfigurations = (
				6F4A6AB31822C4A000E9CAE3 /* Debug */,
				6F4A6AB41822C4A000E9CAE3 /* Release */,
			);
			defaultConfigurationIsVisible = 0;
			defaultConfigurationName = Release;
		};
		6F4A6AB51822C4A000E9CAE3 /* Build configuration list for PBXNativeTarget "GameWithNoNameTests" */ = {
			isa = XCConfigurationList;
			buildConfigurations = (
				6F4A6AB61822C4A000E9CAE3 /* Debug */,
				6F4A6AB71822C4A000E9CAE3 /* Release */,
			);
			defaultConfigurationIsVisible = 0;
			defaultConfigurationName = Release;
		};
/* End XCConfigurationList section */
	};
	rootObject = 6F4A6A711822C49F00E9CAE3 /* Project object */;
}
