// !$*UTF8*$!
{
	archiveVersion = 1;
	classes = {
	};
	objectVersion = 46;
	objects = {

/* Begin PBXBuildFile section */
		120534FE1BC3FDCC00FB2671 /* AppConstants.swift in Sources */ = {isa = PBXBuildFile; fileRef = 120534FD1BC3FDCC00FB2671 /* AppConstants.swift */; settings = {ASSET_TAGS = (); }; };
		12464AC11BC30F58002C43CF /* PartyTabBarViewController.swift in Sources */ = {isa = PBXBuildFile; fileRef = 12464AC01BC30F58002C43CF /* PartyTabBarViewController.swift */; settings = {ASSET_TAGS = (); }; };
		12464AC31BC30FB1002C43CF /* UIStoryboard+Extension.swift in Sources */ = {isa = PBXBuildFile; fileRef = 12464AC21BC30FB1002C43CF /* UIStoryboard+Extension.swift */; settings = {ASSET_TAGS = (); }; };
		124AC8CF1B9F52F3006BA5AD /* AuthenticationViewController.swift in Sources */ = {isa = PBXBuildFile; fileRef = 124AC8CE1B9F52F3006BA5AD /* AuthenticationViewController.swift */; };
		125E26FA1BA8AD2A00B7CB4D /* StatusBarContainerViewController.swift in Sources */ = {isa = PBXBuildFile; fileRef = 125E26F91BA8AD2A00B7CB4D /* StatusBarContainerViewController.swift */; settings = {ASSET_TAGS = (); }; };
		128657BA1B99F6FE0018C6FA /* AppDelegate.swift in Sources */ = {isa = PBXBuildFile; fileRef = 128657B91B99F6FE0018C6FA /* AppDelegate.swift */; };
		128657BF1B99F6FE0018C6FA /* Authentication.storyboard in Resources */ = {isa = PBXBuildFile; fileRef = 128657BD1B99F6FE0018C6FA /* Authentication.storyboard */; };
		128657C11B99F6FE0018C6FA /* Assets.xcassets in Resources */ = {isa = PBXBuildFile; fileRef = 128657C01B99F6FE0018C6FA /* Assets.xcassets */; };
		128657C41B99F6FE0018C6FA /* LaunchScreen.storyboard in Resources */ = {isa = PBXBuildFile; fileRef = 128657C21B99F6FE0018C6FA /* LaunchScreen.storyboard */; };
		128C1CD41BA74F1F00EC6401 /* PartyLocationViewController.swift in Sources */ = {isa = PBXBuildFile; fileRef = 128C1CD31BA74F1F00EC6401 /* PartyLocationViewController.swift */; settings = {ASSET_TAGS = (); }; };
		128CC8201B99FF7A00AB477B /* GoogleService-Info.plist in Resources */ = {isa = PBXBuildFile; fileRef = 128CC81F1B99FF7A00AB477B /* GoogleService-Info.plist */; };
		128D2D521BDA8DB200177B44 /* UserSettingsViewController.swift in Sources */ = {isa = PBXBuildFile; fileRef = 128D2D511BDA8DB200177B44 /* UserSettingsViewController.swift */; settings = {ASSET_TAGS = (); }; };
		12CCA8F71B9F319100673562 /* PartyFeedViewController.swift in Sources */ = {isa = PBXBuildFile; fileRef = 12CCA8F61B9F319100673562 /* PartyFeedViewController.swift */; };
		12CCA9011B9F352600673562 /* AppContext.swift in Sources */ = {isa = PBXBuildFile; fileRef = 12CCA9001B9F352600673562 /* AppContext.swift */; };
		12CCA90B1B9F433C00673562 /* Parties.storyboard in Resources */ = {isa = PBXBuildFile; fileRef = 12CCA90A1B9F433C00673562 /* Parties.storyboard */; };
		5898397CD1C9AA1FCA04DFE4 /* libPods-PartiesTonight.a in Frameworks */ = {isa = PBXBuildFile; fileRef = BFF18047A0F940B04D0BC54D /* libPods-PartiesTonight.a */; };
/* End PBXBuildFile section */

/* Begin PBXFileReference section */
		120534FD1BC3FDCC00FB2671 /* AppConstants.swift */ = {isa = PBXFileReference; fileEncoding = 4; lastKnownFileType = sourcecode.swift; path = AppConstants.swift; sourceTree = "<group>"; };
		12464AC01BC30F58002C43CF /* PartyTabBarViewController.swift */ = {isa = PBXFileReference; fileEncoding = 4; lastKnownFileType = sourcecode.swift; path = PartyTabBarViewController.swift; sourceTree = "<group>"; };
		12464AC21BC30FB1002C43CF /* UIStoryboard+Extension.swift */ = {isa = PBXFileReference; fileEncoding = 4; lastKnownFileType = sourcecode.swift; path = "UIStoryboard+Extension.swift"; sourceTree = "<group>"; };
		124AC8CE1B9F52F3006BA5AD /* AuthenticationViewController.swift */ = {isa = PBXFileReference; fileEncoding = 4; lastKnownFileType = sourcecode.swift; path = AuthenticationViewController.swift; sourceTree = "<group>"; };
		125E26F91BA8AD2A00B7CB4D /* StatusBarContainerViewController.swift */ = {isa = PBXFileReference; fileEncoding = 4; lastKnownFileType = sourcecode.swift; path = StatusBarContainerViewController.swift; sourceTree = "<group>"; };
		128657B61B99F6FE0018C6FA /* PartiesTonight.app */ = {isa = PBXFileReference; explicitFileType = wrapper.application; includeInIndex = 0; path = PartiesTonight.app; sourceTree = BUILT_PRODUCTS_DIR; };
		128657B91B99F6FE0018C6FA /* AppDelegate.swift */ = {isa = PBXFileReference; lastKnownFileType = sourcecode.swift; path = AppDelegate.swift; sourceTree = "<group>"; };
		128657BE1B99F6FE0018C6FA /* Base */ = {isa = PBXFileReference; lastKnownFileType = file.storyboard; name = Base; path = Base.lproj/Authentication.storyboard; sourceTree = "<group>"; };
		128657C01B99F6FE0018C6FA /* Assets.xcassets */ = {isa = PBXFileReference; lastKnownFileType = folder.assetcatalog; path = Assets.xcassets; sourceTree = "<group>"; };
		128657C31B99F6FE0018C6FA /* Base */ = {isa = PBXFileReference; lastKnownFileType = file.storyboard; name = Base; path = Base.lproj/LaunchScreen.storyboard; sourceTree = "<group>"; };
		128657C51B99F6FE0018C6FA /* Info.plist */ = {isa = PBXFileReference; lastKnownFileType = text.plist.xml; name = Info.plist; path = PartiesTonight/Info.plist; sourceTree = "<group>"; };
		128C1CD31BA74F1F00EC6401 /* PartyLocationViewController.swift */ = {isa = PBXFileReference; fileEncoding = 4; lastKnownFileType = sourcecode.swift; path = PartyLocationViewController.swift; sourceTree = "<group>"; };
		128C1CD51BA752F200EC6401 /* CoreLocation.framework */ = {isa = PBXFileReference; lastKnownFileType = wrapper.framework; name = CoreLocation.framework; path = System/Library/Frameworks/CoreLocation.framework; sourceTree = SDKROOT; };
		128CC81F1B99FF7A00AB477B /* GoogleService-Info.plist */ = {isa = PBXFileReference; fileEncoding = 4; lastKnownFileType = text.plist.xml; name = "GoogleService-Info.plist"; path = "PartiesTonight/Support Files/GoogleService-Info.plist"; sourceTree = "<group>"; };
		128D2D511BDA8DB200177B44 /* UserSettingsViewController.swift */ = {isa = PBXFileReference; fileEncoding = 4; lastKnownFileType = sourcecode.swift; path = UserSettingsViewController.swift; sourceTree = "<group>"; };
		12ACE39A1BA1CC2A0064883B /* PartiesTonight-Bridging-Header.h */ = {isa = PBXFileReference; fileEncoding = 4; lastKnownFileType = sourcecode.c.h; name = "PartiesTonight-Bridging-Header.h"; path = "PartiesTonight/Support Files/PartiesTonight-Bridging-Header.h"; sourceTree = "<group>"; };
		12ACE39B1BA1CCC70064883B /* libSignIn.a */ = {isa = PBXFileReference; lastKnownFileType = archive.ar; name = libSignIn.a; path = Pods/GoogleSignIn/Libraries/libSignIn.a; sourceTree = "<group>"; };
		12ACE39D1BA1CCFA0064883B /* libGGLCore.a */ = {isa = PBXFileReference; lastKnownFileType = archive.ar; name = libGGLCore.a; path = Pods/Google/Libraries/libGGLCore.a; sourceTree = "<group>"; };
		12ACE39E1BA1CCFA0064883B /* libGGLSignIn.a */ = {isa = PBXFileReference; lastKnownFileType = archive.ar; name = libGGLSignIn.a; path = Pods/Google/Libraries/libGGLSignIn.a; sourceTree = "<group>"; };
		12ACE3A11BA1CEC90064883B /* GoogleSignIn.bundle */ = {isa = PBXFileReference; lastKnownFileType = "wrapper.plug-in"; name = GoogleSignIn.bundle; path = Pods/GoogleSignIn/Resources/GoogleSignIn.bundle; sourceTree = "<group>"; };
		12ACE3A41BA1CEF00064883B /* libGIDExShared.a */ = {isa = PBXFileReference; lastKnownFileType = archive.ar; name = libGIDExShared.a; path = Pods/GoogleSignIn/Libraries/libGIDExShared.a; sourceTree = "<group>"; };
		12CCA8F61B9F319100673562 /* PartyFeedViewController.swift */ = {isa = PBXFileReference; fileEncoding = 4; lastKnownFileType = sourcecode.swift; path = PartyFeedViewController.swift; sourceTree = "<group>"; };
		12CCA9001B9F352600673562 /* AppContext.swift */ = {isa = PBXFileReference; fileEncoding = 4; lastKnownFileType = sourcecode.swift; path = AppContext.swift; sourceTree = "<group>"; };
		12CCA90A1B9F433C00673562 /* Parties.storyboard */ = {isa = PBXFileReference; fileEncoding = 4; lastKnownFileType = file.storyboard; path = Parties.storyboard; sourceTree = "<group>"; };
		50538336A421BB0EC0AA9EA5 /* Pods-PartiesTonight.debug.xcconfig */ = {isa = PBXFileReference; includeInIndex = 1; lastKnownFileType = text.xcconfig; name = "Pods-PartiesTonight.debug.xcconfig"; path = "Pods/Target Support Files/Pods-PartiesTonight/Pods-PartiesTonight.debug.xcconfig"; sourceTree = "<group>"; };
		5BDF5EFD21F92B818AD8EAD9 /* Pods-PartiesTonight.release.xcconfig */ = {isa = PBXFileReference; includeInIndex = 1; lastKnownFileType = text.xcconfig; name = "Pods-PartiesTonight.release.xcconfig"; path = "Pods/Target Support Files/Pods-PartiesTonight/Pods-PartiesTonight.release.xcconfig"; sourceTree = "<group>"; };
		BFF18047A0F940B04D0BC54D /* libPods-PartiesTonight.a */ = {isa = PBXFileReference; explicitFileType = archive.ar; includeInIndex = 0; path = "libPods-PartiesTonight.a"; sourceTree = BUILT_PRODUCTS_DIR; };
/* End PBXFileReference section */

/* Begin PBXFrameworksBuildPhase section */
		128657B31B99F6FE0018C6FA /* Frameworks */ = {
			isa = PBXFrameworksBuildPhase;
			buildActionMask = 2147483647;
			files = (
				5898397CD1C9AA1FCA04DFE4 /* libPods-PartiesTonight.a in Frameworks */,
			);
			runOnlyForDeploymentPostprocessing = 0;
		};
/* End PBXFrameworksBuildPhase section */

/* Begin PBXGroup section */
		125E26F81BA8ACEC00B7CB4D /* Custom Views */ = {
			isa = PBXGroup;
			children = (
				125E26F91BA8AD2A00B7CB4D /* StatusBarContainerViewController.swift */,
			);
			name = "Custom Views";
			sourceTree = "<group>";
		};
		128657AD1B99F6FE0018C6FA = {
			isa = PBXGroup;
			children = (
				128657B81B99F6FE0018C6FA /* PartiesTonight */,
				128657B71B99F6FE0018C6FA /* Products */,
				FDE0E7AF2C8E06FBEDF4052C /* Pods */,
				9A7132E2F3F6EE0BD839A6ED /* Frameworks */,
			);
			sourceTree = "<group>";
		};
		128657B71B99F6FE0018C6FA /* Products */ = {
			isa = PBXGroup;
			children = (
				128657B61B99F6FE0018C6FA /* PartiesTonight.app */,
			);
			name = Products;
			sourceTree = "<group>";
		};
		128657B81B99F6FE0018C6FA /* PartiesTonight */ = {
			isa = PBXGroup;
			children = (
				128657B91B99F6FE0018C6FA /* AppDelegate.swift */,
				128657C21B99F6FE0018C6FA /* LaunchScreen.storyboard */,
				12CCA9051B9F429200673562 /* Authentication */,
				12CCA8FD1B9F33BF00673562 /* Common */,
				125E26F81BA8ACEC00B7CB4D /* Custom Views */,
				12CCA9021B9F369A00673562 /* Extensions */,
				12CCA9071B9F42C600673562 /* Parties */,
				128CC81E1B99FF1D00AB477B /* Support Files */,
				128D2D531BDA8E5A00177B44 /* User */,
				128657C01B99F6FE0018C6FA /* Assets.xcassets */,
			);
			path = PartiesTonight;
			sourceTree = "<group>";
		};
		128CC81E1B99FF1D00AB477B /* Support Files */ = {
			isa = PBXGroup;
			children = (
				12ACE39A1BA1CC2A0064883B /* PartiesTonight-Bridging-Header.h */,
				128657C51B99F6FE0018C6FA /* Info.plist */,
				128CC81F1B99FF7A00AB477B /* GoogleService-Info.plist */,
			);
			name = "Support Files";
			path = ..;
			sourceTree = "<group>";
		};
		128D2D531BDA8E5A00177B44 /* User */ = {
			isa = PBXGroup;
			children = (
				128D2D511BDA8DB200177B44 /* UserSettingsViewController.swift */,
			);
			name = User;
			sourceTree = "<group>";
		};
		12CCA8FD1B9F33BF00673562 /* Common */ = {
			isa = PBXGroup;
			children = (
				120534FD1BC3FDCC00FB2671 /* AppConstants.swift */,
				12CCA9001B9F352600673562 /* AppContext.swift */,
			);
			name = Common;
			sourceTree = "<group>";
		};
		12CCA9021B9F369A00673562 /* Extensions */ = {
			isa = PBXGroup;
			children = (
				12464AC21BC30FB1002C43CF /* UIStoryboard+Extension.swift */,
			);
			name = Extensions;
			sourceTree = "<group>";
		};
		12CCA9051B9F429200673562 /* Authentication */ = {
			isa = PBXGroup;
			children = (
				128657BD1B99F6FE0018C6FA /* Authentication.storyboard */,
				124AC8CE1B9F52F3006BA5AD /* AuthenticationViewController.swift */,
			);
			name = Authentication;
			sourceTree = "<group>";
		};
		12CCA9071B9F42C600673562 /* Parties */ = {
			isa = PBXGroup;
			children = (
				12CCA8F61B9F319100673562 /* PartyFeedViewController.swift */,
				12CCA90A1B9F433C00673562 /* Parties.storyboard */,
				128C1CD31BA74F1F00EC6401 /* PartyLocationViewController.swift */,
				12464AC01BC30F58002C43CF /* PartyTabBarViewController.swift */,
			);
			name = Parties;
			sourceTree = "<group>";
		};
		9A7132E2F3F6EE0BD839A6ED /* Frameworks */ = {
			isa = PBXGroup;
			children = (
				128C1CD51BA752F200EC6401 /* CoreLocation.framework */,
				12ACE3A41BA1CEF00064883B /* libGIDExShared.a */,
				12ACE3A11BA1CEC90064883B /* GoogleSignIn.bundle */,
				12ACE39D1BA1CCFA0064883B /* libGGLCore.a */,
				12ACE39E1BA1CCFA0064883B /* libGGLSignIn.a */,
				12ACE39B1BA1CCC70064883B /* libSignIn.a */,
				BFF18047A0F940B04D0BC54D /* libPods-PartiesTonight.a */,
			);
			name = Frameworks;
			sourceTree = "<group>";
		};
		FDE0E7AF2C8E06FBEDF4052C /* Pods */ = {
			isa = PBXGroup;
			children = (
				50538336A421BB0EC0AA9EA5 /* Pods-PartiesTonight.debug.xcconfig */,
				5BDF5EFD21F92B818AD8EAD9 /* Pods-PartiesTonight.release.xcconfig */,
			);
			name = Pods;
			sourceTree = "<group>";
		};
/* End PBXGroup section */

/* Begin PBXNativeTarget section */
		128657B51B99F6FE0018C6FA /* PartiesTonight */ = {
			isa = PBXNativeTarget;
			buildConfigurationList = 128657C81B99F6FE0018C6FA /* Build configuration list for PBXNativeTarget "PartiesTonight" */;
			buildPhases = (
				97088C88095A5922120BC81A /* Check Pods Manifest.lock */,
				128657B21B99F6FE0018C6FA /* Sources */,
				128657B31B99F6FE0018C6FA /* Frameworks */,
				128657B41B99F6FE0018C6FA /* Resources */,
				FC9CC3BB7E3F775F3F4640C2 /* Copy Pods Resources */,
				12ACE3A61BA20D390064883B /* Fabric Run Script */,
			);
			buildRules = (
			);
			dependencies = (
			);
			name = PartiesTonight;
			productName = PartiesTonight;
			productReference = 128657B61B99F6FE0018C6FA /* PartiesTonight.app */;
			productType = "com.apple.product-type.application";
		};
/* End PBXNativeTarget section */

/* Begin PBXProject section */
		128657AE1B99F6FE0018C6FA /* Project object */ = {
			isa = PBXProject;
			attributes = {
				LastUpgradeCheck = 0700;
				ORGANIZATIONNAME = AngryGuy;
				TargetAttributes = {
					128657B51B99F6FE0018C6FA = {
						CreatedOnToolsVersion = 7.0;
					};
				};
			};
			buildConfigurationList = 128657B11B99F6FE0018C6FA /* Build configuration list for PBXProject "PartiesTonight" */;
			compatibilityVersion = "Xcode 3.2";
			developmentRegion = English;
			hasScannedForEncodings = 0;
			knownRegions = (
				en,
				Base,
			);
			mainGroup = 128657AD1B99F6FE0018C6FA;
			productRefGroup = 128657B71B99F6FE0018C6FA /* Products */;
			projectDirPath = "";
			projectRoot = "";
			targets = (
				128657B51B99F6FE0018C6FA /* PartiesTonight */,
			);
		};
/* End PBXProject section */

/* Begin PBXResourcesBuildPhase section */
		128657B41B99F6FE0018C6FA /* Resources */ = {
			isa = PBXResourcesBuildPhase;
			buildActionMask = 2147483647;
			files = (
				128657C41B99F6FE0018C6FA /* LaunchScreen.storyboard in Resources */,
				128CC8201B99FF7A00AB477B /* GoogleService-Info.plist in Resources */,
				128657C11B99F6FE0018C6FA /* Assets.xcassets in Resources */,
				128657BF1B99F6FE0018C6FA /* Authentication.storyboard in Resources */,
				12CCA90B1B9F433C00673562 /* Parties.storyboard in Resources */,
			);
			runOnlyForDeploymentPostprocessing = 0;
		};
/* End PBXResourcesBuildPhase section */

/* Begin PBXShellScriptBuildPhase section */
		12ACE3A61BA20D390064883B /* Fabric Run Script */ = {
			isa = PBXShellScriptBuildPhase;
			buildActionMask = 2147483647;
			files = (
			);
			inputPaths = (
			);
			name = "Fabric Run Script";
			outputPaths = (
			);
			runOnlyForDeploymentPostprocessing = 0;
			shellPath = /bin/sh;
			shellScript = "\"${PODS_ROOT}/Fabric/Fabric.framework/run\" 2c07e204dd50e53e86a23b3f4aba37f51025c03a 0c8fca7b1fbb843b5b42e5574f823c1c99cb0dbc3bfcd9655ad5dcc3dc03f303";
		};
		97088C88095A5922120BC81A /* Check Pods Manifest.lock */ = {
			isa = PBXShellScriptBuildPhase;
			buildActionMask = 2147483647;
			files = (
			);
			inputPaths = (
			);
			name = "Check Pods Manifest.lock";
			outputPaths = (
			);
			runOnlyForDeploymentPostprocessing = 0;
			shellPath = /bin/sh;
			shellScript = "diff \"${PODS_ROOT}/../Podfile.lock\" \"${PODS_ROOT}/Manifest.lock\" > /dev/null\nif [[ $? != 0 ]] ; then\n    cat << EOM\nerror: The sandbox is not in sync with the Podfile.lock. Run 'pod install' or update your CocoaPods installation.\nEOM\n    exit 1\nfi\n";
			showEnvVarsInLog = 0;
		};
		FC9CC3BB7E3F775F3F4640C2 /* Copy Pods Resources */ = {
			isa = PBXShellScriptBuildPhase;
			buildActionMask = 2147483647;
			files = (
			);
			inputPaths = (
			);
			name = "Copy Pods Resources";
			outputPaths = (
			);
			runOnlyForDeploymentPostprocessing = 0;
			shellPath = /bin/sh;
			shellScript = "\"${SRCROOT}/Pods/Target Support Files/Pods-PartiesTonight/Pods-PartiesTonight-resources.sh\"\n";
			showEnvVarsInLog = 0;
		};
/* End PBXShellScriptBuildPhase section */

/* Begin PBXSourcesBuildPhase section */
		128657B21B99F6FE0018C6FA /* Sources */ = {
			isa = PBXSourcesBuildPhase;
			buildActionMask = 2147483647;
			files = (
				125E26FA1BA8AD2A00B7CB4D /* StatusBarContainerViewController.swift in Sources */,
				120534FE1BC3FDCC00FB2671 /* AppConstants.swift in Sources */,
				12464AC11BC30F58002C43CF /* PartyTabBarViewController.swift in Sources */,
				128C1CD41BA74F1F00EC6401 /* PartyLocationViewController.swift in Sources */,
				124AC8CF1B9F52F3006BA5AD /* AuthenticationViewController.swift in Sources */,
				12464AC31BC30FB1002C43CF /* UIStoryboard+Extension.swift in Sources */,
				128D2D521BDA8DB200177B44 /* UserSettingsViewController.swift in Sources */,
				12CCA9011B9F352600673562 /* AppContext.swift in Sources */,
				12CCA8F71B9F319100673562 /* PartyFeedViewController.swift in Sources */,
				128657BA1B99F6FE0018C6FA /* AppDelegate.swift in Sources */,
			);
			runOnlyForDeploymentPostprocessing = 0;
		};
/* End PBXSourcesBuildPhase section */

/* Begin PBXVariantGroup section */
		128657BD1B99F6FE0018C6FA /* Authentication.storyboard */ = {
			isa = PBXVariantGroup;
			children = (
				128657BE1B99F6FE0018C6FA /* Base */,
			);
			name = Authentication.storyboard;
			sourceTree = "<group>";
		};
		128657C21B99F6FE0018C6FA /* LaunchScreen.storyboard */ = {
			isa = PBXVariantGroup;
			children = (
				128657C31B99F6FE0018C6FA /* Base */,
			);
			name = LaunchScreen.storyboard;
			sourceTree = "<group>";
		};
/* End PBXVariantGroup section */

/* Begin XCBuildConfiguration section */
		128657C61B99F6FE0018C6FA /* Debug */ = {
			isa = XCBuildConfiguration;
			buildSettings = {
				ALWAYS_SEARCH_USER_PATHS = NO;
				CLANG_CXX_LANGUAGE_STANDARD = "gnu++0x";
				CLANG_CXX_LIBRARY = "libc++";
				CLANG_ENABLE_MODULES = YES;
				CLANG_ENABLE_OBJC_ARC = YES;
				CLANG_WARN_BOOL_CONVERSION = YES;
				CLANG_WARN_CONSTANT_CONVERSION = YES;
				CLANG_WARN_DIRECT_OBJC_ISA_USAGE = YES_ERROR;
				CLANG_WARN_EMPTY_BODY = YES;
				CLANG_WARN_ENUM_CONVERSION = YES;
				CLANG_WARN_INT_CONVERSION = YES;
				CLANG_WARN_OBJC_ROOT_CLASS = YES_ERROR;
				CLANG_WARN_UNREACHABLE_CODE = YES;
				CLANG_WARN__DUPLICATE_METHOD_MATCH = YES;
				"CODE_SIGN_IDENTITY[sdk=iphoneos*]" = "iPhone Developer";
				COPY_PHASE_STRIP = NO;
				DEBUG_INFORMATION_FORMAT = "dwarf-with-dsym";
				ENABLE_STRICT_OBJC_MSGSEND = YES;
				ENABLE_TESTABILITY = YES;
				GCC_C_LANGUAGE_STANDARD = gnu99;
				GCC_DYNAMIC_NO_PIC = NO;
				GCC_NO_COMMON_BLOCKS = YES;
				GCC_OPTIMIZATION_LEVEL = 0;
				GCC_PREPROCESSOR_DEFINITIONS = (
					"DEBUG=1",
					"$(inherited)",
				);
				GCC_WARN_64_TO_32_BIT_CONVERSION = YES;
				GCC_WARN_ABOUT_RETURN_TYPE = YES_ERROR;
				GCC_WARN_INHIBIT_ALL_WARNINGS = YES;
				GCC_WARN_UNDECLARED_SELECTOR = YES;
				GCC_WARN_UNINITIALIZED_AUTOS = YES_AGGRESSIVE;
				GCC_WARN_UNUSED_FUNCTION = YES;
				GCC_WARN_UNUSED_VARIABLE = YES;
				IPHONEOS_DEPLOYMENT_TARGET = 9.0;
				MTL_ENABLE_DEBUG_INFO = YES;
				ONLY_ACTIVE_ARCH = NO;
				SDKROOT = iphoneos;
				SWIFT_OPTIMIZATION_LEVEL = "-Onone";
				TARGETED_DEVICE_FAMILY = "1,2";
			};
			name = Debug;
		};
		128657C71B99F6FE0018C6FA /* Release */ = {
			isa = XCBuildConfiguration;
			buildSettings = {
				ALWAYS_SEARCH_USER_PATHS = NO;
				CLANG_CXX_LANGUAGE_STANDARD = "gnu++0x";
				CLANG_CXX_LIBRARY = "libc++";
				CLANG_ENABLE_MODULES = YES;
				CLANG_ENABLE_OBJC_ARC = YES;
				CLANG_WARN_BOOL_CONVERSION = YES;
				CLANG_WARN_CONSTANT_CONVERSION = YES;
				CLANG_WARN_DIRECT_OBJC_ISA_USAGE = YES_ERROR;
				CLANG_WARN_EMPTY_BODY = YES;
				CLANG_WARN_ENUM_CONVERSION = YES;
				CLANG_WARN_INT_CONVERSION = YES;
				CLANG_WARN_OBJC_ROOT_CLASS = YES_ERROR;
				CLANG_WARN_UNREACHABLE_CODE = YES;
				CLANG_WARN__DUPLICATE_METHOD_MATCH = YES;
				"CODE_SIGN_IDENTITY[sdk=iphoneos*]" = "iPhone Developer";
				COPY_PHASE_STRIP = NO;
				DEBUG_INFORMATION_FORMAT = "dwarf-with-dsym";
				ENABLE_NS_ASSERTIONS = NO;
				ENABLE_STRICT_OBJC_MSGSEND = YES;
				GCC_C_LANGUAGE_STANDARD = gnu99;
				GCC_NO_COMMON_BLOCKS = YES;
				GCC_WARN_64_TO_32_BIT_CONVERSION = YES;
				GCC_WARN_ABOUT_RETURN_TYPE = YES_ERROR;
				GCC_WARN_UNDECLARED_SELECTOR = YES;
				GCC_WARN_UNINITIALIZED_AUTOS = YES_AGGRESSIVE;
				GCC_WARN_UNUSED_FUNCTION = YES;
				GCC_WARN_UNUSED_VARIABLE = YES;
				IPHONEOS_DEPLOYMENT_TARGET = 9.0;
				MTL_ENABLE_DEBUG_INFO = NO;
				SDKROOT = iphoneos;
				TARGETED_DEVICE_FAMILY = "1,2";
				VALIDATE_PRODUCT = YES;
			};
			name = Release;
		};
		128657C91B99F6FE0018C6FA /* Debug */ = {
			isa = XCBuildConfiguration;
			baseConfigurationReference = 50538336A421BB0EC0AA9EA5 /* Pods-PartiesTonight.debug.xcconfig */;
			buildSettings = {
				ASSETCATALOG_COMPILER_APPICON_NAME = AppIcon;
				GCC_WARN_INHIBIT_ALL_WARNINGS = YES;
				INFOPLIST_FILE = PartiesTonight/Info.plist;
				LD_RUNPATH_SEARCH_PATHS = "$(inherited) @executable_path/Frameworks";
				LIBRARY_SEARCH_PATHS = (
					"$(inherited)",
					"$(PROJECT_DIR)/Pods/GoogleSignIn/Libraries",
					"$(PROJECT_DIR)/Pods/Google/Libraries",
				);
				PRODUCT_BUNDLE_IDENTIFIER = com.angryguy.PartiesTonight;
				PRODUCT_NAME = "$(TARGET_NAME)";
				SWIFT_OBJC_BRIDGING_HEADER = "partiesTonight/Support Files/PartiesTonight-Bridging-Header.h";
			};
			name = Debug;
		};
		128657CA1B99F6FE0018C6FA /* Release */ = {
			isa = XCBuildConfiguration;
			baseConfigurationReference = 5BDF5EFD21F92B818AD8EAD9 /* Pods-PartiesTonight.release.xcconfig */;
			buildSettings = {
				ASSETCATALOG_COMPILER_APPICON_NAME = AppIcon;
				INFOPLIST_FILE = PartiesTonight/Info.plist;
				LD_RUNPATH_SEARCH_PATHS = "$(inherited) @executable_path/Frameworks";
				LIBRARY_SEARCH_PATHS = (
					"$(inherited)",
					"$(PROJECT_DIR)/Pods/GoogleSignIn/Libraries",
					"$(PROJECT_DIR)/Pods/Google/Libraries",
				);
				PRODUCT_BUNDLE_IDENTIFIER = com.angryguy.PartiesTonight;
				PRODUCT_NAME = "$(TARGET_NAME)";
				SWIFT_OBJC_BRIDGING_HEADER = "partiesTonight/Support Files/PartiesTonight-Bridging-Header.h";
			};
			name = Release;
		};
/* End XCBuildConfiguration section */

/* Begin XCConfigurationList section */
		128657B11B99F6FE0018C6FA /* Build configuration list for PBXProject "PartiesTonight" */ = {
			isa = XCConfigurationList;
			buildConfigurations = (
				128657C61B99F6FE0018C6FA /* Debug */,
				128657C71B99F6FE0018C6FA /* Release */,
			);
			defaultConfigurationIsVisible = 0;
			defaultConfigurationName = Release;
		};
		128657C81B99F6FE0018C6FA /* Build configuration list for PBXNativeTarget "PartiesTonight" */ = {
			isa = XCConfigurationList;
			buildConfigurations = (
				128657C91B99F6FE0018C6FA /* Debug */,
				128657CA1B99F6FE0018C6FA /* Release */,
			);
			defaultConfigurationIsVisible = 0;
			defaultConfigurationName = Release;
		};
/* End XCConfigurationList section */
	};
	rootObject = 128657AE1B99F6FE0018C6FA /* Project object */;
}
